
Microsoft Visual Studio Solution File, Format Version 12.00
# Visual Studio 15
VisualStudioVersion = 15.0.28307.572
MinimumVisualStudioVersion = 10.0.40219.1
Project("{FAE04EC0-301F-11D3-BF4B-00C04F79EFBC}") = "TaskParallelizer", "TaskParallelizer\TaskParallelizer.csproj", "{C2D3FB1B-65CB-4775-B6EE-5BE66642CDDE}"
EndProject
Project("{9A19103F-16F7-4668-BE54-9A1E7A4F7556}") = "ProducerConsumer", "..\ProducerConsumer\ProducerConsumer.csproj", "{B5E3D3BE-B3DF-45A8-BDD8-7CC6ED0E9808}"
EndProject
Global
	GlobalSection(SolutionConfigurationPlatforms) = preSolution
		Debug|Any CPU = Debug|Any CPU
		Release|Any CPU = Release|Any CPU
	EndGlobalSection
	GlobalSection(ProjectConfigurationPlatforms) = postSolution
		{C2D3FB1B-65CB-4775-B6EE-5BE66642CDDE}.Debug|Any CPU.ActiveCfg = Debug|Any CPU
		{C2D3FB1B-65CB-4775-B6EE-5BE66642CDDE}.Debug|Any CPU.Build.0 = Debug|Any CPU
		{C2D3FB1B-65CB-4775-B6EE-5BE66642CDDE}.Release|Any CPU.ActiveCfg = Release|Any CPU
		{C2D3FB1B-65CB-4775-B6EE-5BE66642CDDE}.Release|Any CPU.Build.0 = Release|Any CPU
		{B5E3D3BE-B3DF-45A8-BDD8-7CC6ED0E9808}.Debug|Any CPU.ActiveCfg = Debug|Any CPU
		{B5E3D3BE-B3DF-45A8-BDD8-7CC6ED0E9808}.Debug|Any CPU.Build.0 = Debug|Any CPU
		{B5E3D3BE-B3DF-45A8-BDD8-7CC6ED0E9808}.Release|Any CPU.ActiveCfg = Release|Any CPU
		{B5E3D3BE-B3DF-45A8-BDD8-7CC6ED0E9808}.Release|Any CPU.Build.0 = Release|Any CPU
	EndGlobalSection
	GlobalSection(SolutionProperties) = preSolution
		HideSolutionNode = FALSE
	EndGlobalSection
	GlobalSection(ExtensibilityGlobals) = postSolution
		SolutionGuid = {78D2D6DD-0611-4B29-8CCE-F2D71F8B6C15}
	EndGlobalSection
EndGlobal
